
Microsoft Visual Studio Solution File, Format Version 12.00
# Visual Studio Version 17
VisualStudioVersion = 17.12.35527.113 d17.12
MinimumVisualStudioVersion = 10.0.40219.1
Project("{FAE04EC0-301F-11D3-BF4B-00C04F79EFBC}") = "snake", "snake\snake.csproj", "{BCCD590F-64FA-4C7A-BA42-455210BD922F}"
EndProject
Global
	GlobalSection(SolutionConfigurationPlatforms) = preSolution
		Debug|Any CPU = Debug|Any CPU
		Release|Any CPU = Release|Any CPU
	EndGlobalSection
	GlobalSection(ProjectConfigurationPlatforms) = postSolution
		{BCCD590F-64FA-4C7A-BA42-455210BD922F}.Debug|Any CPU.ActiveCfg = Debug|Any CPU
		{BCCD590F-64FA-4C7A-BA42-455210BD922F}.Debug|Any CPU.Build.0 = Debug|Any CPU
		{BCCD590F-64FA-4C7A-BA42-455210BD922F}.Release|Any CPU.ActiveCfg = Release|Any CPU
		{BCCD590F-64FA-4C7A-BA42-455210BD922F}.Release|Any CPU.Build.0 = Release|Any CPU
	EndGlobalSection
	GlobalSection(SolutionProperties) = preSolution
		HideSolutionNode = FALSE
	EndGlobalSection
EndGlobal
